
Microsoft Visual Studio Solution File, Format Version 12.00
# Visual Studio Version 16
VisualStudioVersion = 16.0.32929.386
MinimumVisualStudioVersion = 10.0.40219.1
Project("{FAE04EC0-301F-11D3-BF4B-00C04F79EFBC}") = "PictureViewer", "PictureViewer\PictureViewer.csproj", "{460EB4AD-2C5A-462F-A708-A82E2F01499F}"
EndProject
Global
	GlobalSection(SolutionConfigurationPlatforms) = preSolution
		Debug|Any CPU = Debug|Any CPU
		Release|Any CPU = Release|Any CPU
	EndGlobalSection
	GlobalSection(ProjectConfigurationPlatforms) = postSolution
		{460EB4AD-2C5A-462F-A708-A82E2F01499F}.Debug|Any CPU.ActiveCfg = Debug|Any CPU
		{460EB4AD-2C5A-462F-A708-A82E2F01499F}.Debug|Any CPU.Build.0 = Debug|Any CPU
		{460EB4AD-2C5A-462F-A708-A82E2F01499F}.Release|Any CPU.ActiveCfg = Release|Any CPU
		{460EB4AD-2C5A-462F-A708-A82E2F01499F}.Release|Any CPU.Build.0 = Release|Any CPU
	EndGlobalSection
	GlobalSection(SolutionProperties) = preSolution
		HideSolutionNode = FALSE
	EndGlobalSection
	GlobalSection(ExtensibilityGlobals) = postSolution
		SolutionGuid = {7030DEA5-5A09-4DC6-AE2D-F72E3A7AD27D}
	EndGlobalSection
EndGlobal
